{
  "name": "CadastroHeroisFront",
  "lockfileVersion": 3,
  "requires": true,
  "packages": {
    "": {
      "dependencies": {
        "@angular/platform-browser-dynamic": "^20.0.3"
      }
    },
    "node_modules/@angular/common": {
      "version": "20.0.3",
      "resolved": "https://registry.npmjs.org/@angular/common/-/common-20.0.3.tgz",
      "integrity": "sha512-HqqVqaj+xzByWJOIrONVRkpvM6mRuGmC+m9wKixhc9f+xXsymVTBR6xg+G/RwyYP2NuC5chxIZbaJTz2Hj+6+g==",
      "license": "MIT",
      "peer": true,
      "dependencies": {
        "tslib": "^2.3.0"
      },
      "engines": {
        "node": "^20.19.0 || ^22.12.0 || >=24.0.0"
      },
      "peerDependencies": {
        "@angular/core": "20.0.3",
        "rxjs": "^6.5.3 || ^7.4.0"
      }
    },
    "node_modules/@angular/compiler": {
      "version": "20.0.3",
      "resolved": "https://registry.npmjs.org/@angular/compiler/-/compiler-20.0.3.tgz",
      "integrity": "sha512-CShPNvqqV5Cleyho8CKtcFlt7l2thHPUdXZPtKHH3Zf43KojvJbJksZLBz6ZbyoQdgxNMYSfbh4h0UbSGtPOzQ==",
      "license": "MIT",
      "peer": true,
      "dependencies": {
        "tslib": "^2.3.0"
      },
      "engines": {
        "node": "^20.19.0 || ^22.12.0 || >=24.0.0"
      }
    },
    "node_modules/@angular/core": {
      "version": "20.0.3",
      "resolved": "https://registry.npmjs.org/@angular/core/-/core-20.0.3.tgz",
      "integrity": "sha512-kB6w1bQgClfmkTbWJeD3vSLqX0e3uSaJD6KJ7XXT1IEaqUs4J+mKRKHQyxpJlpdUb7R+jDaHSM/vrVF15/L2rA==",
      "license": "MIT",
      "peer": true,
      "dependencies": {
        "tslib": "^2.3.0"
      },
      "engines": {
        "node": "^20.19.0 || ^22.12.0 || >=24.0.0"
      },
      "peerDependencies": {
        "@angular/compiler": "20.0.3",
        "rxjs": "^6.5.3 || ^7.4.0",
        "zone.js": "~0.15.0"
      },
      "peerDependenciesMeta": {
        "@angular/compiler": {
          "optional": true
        },
        "zone.js": {
          "optional": true
        }
      }
    },
    "node_modules/@angular/platform-browser": {
      "version": "20.0.3",
      "resolved": "https://registry.npmjs.org/@angular/platform-browser/-/platform-browser-20.0.3.tgz",
      "integrity": "sha512-cba0bibw9dJ8b+a2a8mwkiq5/HPiakY9P5OiJEVefN+2V/K9CND/pW+KIbW0/P6KhSSDQ29xgcGRseVtkjYLmg==",
      "license": "MIT",
      "peer": true,
      "dependencies": {
        "tslib": "^2.3.0"
      },
      "engines": {
        "node": "^20.19.0 || ^22.12.0 || >=24.0.0"
      },
      "peerDependencies": {
        "@angular/animations": "20.0.3",
        "@angular/common": "20.0.3",
        "@angular/core": "20.0.3"
      },
      "peerDependenciesMeta": {
        "@angular/animations": {
          "optional": true
        }
      }
    },
    "node_modules/@angular/platform-browser-dynamic": {
      "version": "20.0.3",
      "resolved": "https://registry.npmjs.org/@angular/platform-browser-dynamic/-/platform-browser-dynamic-20.0.3.tgz",
      "integrity": "sha512-EUC0q9/L7nBQOJkOi7aKz0cKXym7XIZtZJjZ+K7hCZaE92wb+Uk5YdBfBaq6hJ3aEp896GUs3FVFI6Rxklrm2A==",
      "license": "MIT",
      "dependencies": {
        "tslib": "^2.3.0"
      },
      "engines": {
        "node": "^20.19.0 || ^22.12.0 || >=24.0.0"
      },
      "peerDependencies": {
        "@angular/common": "20.0.3",
        "@angular/compiler": "20.0.3",
        "@angular/core": "20.0.3",
        "@angular/platform-browser": "20.0.3"
      }
    },
    "node_modules/rxjs": {
      "version": "7.8.2",
      "resolved": "https://registry.npmjs.org/rxjs/-/rxjs-7.8.2.tgz",
      "integrity": "sha512-dhKf903U/PQZY6boNNtAGdWbG85WAbjT/1xYoZIC7FAY0yWapOBQVsVrDl58W86//e1VpMNBtRV4MaXfdMySFA==",
      "license": "Apache-2.0",
      "peer": true,
      "dependencies": {
        "tslib": "^2.1.0"
      }
    },
    "node_modules/tslib": {
      "version": "2.8.1",
      "resolved": "https://registry.npmjs.org/tslib/-/tslib-2.8.1.tgz",
      "integrity": "sha512-oJFu94HQb+KVduSUQL7wnpmqnfmLsOA/nAh6b6EH0wCEoK0/mPeXU6c3wKDV83MkOuHPRHtSXKKU99IBazS/2w==",
      "license": "0BSD"
    }
  }
}
