
Microsoft Visual Studio Solution File, Format Version 12.00
# Visual Studio Version 17
VisualStudioVersion = 17.11.35312.102
MinimumVisualStudioVersion = 10.0.40219.1
Project("{FAE04EC0-301F-11D3-BF4B-00C04F79EFBC}") = "CadastroHeroisAPI", "CadastroHeroisAPI.csproj", "{C2206CE1-8808-40A4-9006-E9C90D22D057}"
EndProject
Global
	GlobalSection(SolutionConfigurationPlatforms) = preSolution
		Debug|Any CPU = Debug|Any CPU
		Release|Any CPU = Release|Any CPU
	EndGlobalSection
	GlobalSection(ProjectConfigurationPlatforms) = postSolution
		{C2206CE1-8808-40A4-9006-E9C90D22D057}.Debug|Any CPU.ActiveCfg = Debug|Any CPU
		{C2206CE1-8808-40A4-9006-E9C90D22D057}.Debug|Any CPU.Build.0 = Debug|Any CPU
		{C2206CE1-8808-40A4-9006-E9C90D22D057}.Release|Any CPU.ActiveCfg = Release|Any CPU
		{C2206CE1-8808-40A4-9006-E9C90D22D057}.Release|Any CPU.Build.0 = Release|Any CPU
	EndGlobalSection
	GlobalSection(SolutionProperties) = preSolution
		HideSolutionNode = FALSE
	EndGlobalSection
	GlobalSection(ExtensibilityGlobals) = postSolution
		SolutionGuid = {A9851C88-95C5-4B0E-91AB-52805BB5BC43}
	EndGlobalSection
EndGlobal
